
Microsoft Visual Studio Solution File, Format Version 10.00
# Visual Studio 2008
Project("{8BC9CEB8-8B4A-11D0-8D11-00A0C91BC942}") = "s2587341_Question_2", "s2587341_Question_2\s2587341_Question_2.vcproj", "{7F12D60B-2745-469D-84CF-B490278B0810}"
EndProject
Project("{8BC9CEB8-8B4A-11D0-8D11-00A0C91BC942}") = "DSA", "DSA\DSA.vcproj", "{32854B45-4FA0-44ED-B292-F7289CD8C543}"
EndProject
Global
	GlobalSection(SolutionConfigurationPlatforms) = preSolution
		Debug|Win32 = Debug|Win32
		Release|Win32 = Release|Win32
	EndGlobalSection
	GlobalSection(ProjectConfigurationPlatforms) = postSolution
		{7F12D60B-2745-469D-84CF-B490278B0810}.Debug|Win32.ActiveCfg = Debug|Win32
		{7F12D60B-2745-469D-84CF-B490278B0810}.Debug|Win32.Build.0 = Debug|Win32
		{7F12D60B-2745-469D-84CF-B490278B0810}.Release|Win32.ActiveCfg = Release|Win32
		{7F12D60B-2745-469D-84CF-B490278B0810}.Release|Win32.Build.0 = Release|Win32
		{32854B45-4FA0-44ED-B292-F7289CD8C543}.Debug|Win32.ActiveCfg = Debug|Win32
		{32854B45-4FA0-44ED-B292-F7289CD8C543}.Debug|Win32.Build.0 = Debug|Win32
		{32854B45-4FA0-44ED-B292-F7289CD8C543}.Release|Win32.ActiveCfg = Release|Win32
		{32854B45-4FA0-44ED-B292-F7289CD8C543}.Release|Win32.Build.0 = Release|Win32
	EndGlobalSection
	GlobalSection(SolutionProperties) = preSolution
		HideSolutionNode = FALSE
	EndGlobalSection
EndGlobal
