
Microsoft Visual Studio Solution File, Format Version 10.00
# Visual Studio 2008
Project("{8BC9CEB8-8B4A-11D0-8D11-00A0C91BC942}") = "RecursiveCalculator", "RecursiveCalculator\RecursiveCalculator.vcproj", "{2024B2AF-2BB0-4575-BB83-CB2EBD730056}"
EndProject
Project("{2150E333-8FDC-42A3-9474-1A3956D46DE8}") = "Solution Items", "Solution Items", "{7CA23A36-5D63-4292-A56C-810B542C204E}"
EndProject
Global
	GlobalSection(TestCaseManagementSettings) = postSolution
		CategoryFile = s2587341_Question_2.vsmdi
	EndGlobalSection
	GlobalSection(SolutionConfigurationPlatforms) = preSolution
		Debug|Win32 = Debug|Win32
		Release|Win32 = Release|Win32
	EndGlobalSection
	GlobalSection(ProjectConfigurationPlatforms) = postSolution
		{2024B2AF-2BB0-4575-BB83-CB2EBD730056}.Debug|Win32.ActiveCfg = Debug|Win32
		{2024B2AF-2BB0-4575-BB83-CB2EBD730056}.Debug|Win32.Build.0 = Debug|Win32
		{2024B2AF-2BB0-4575-BB83-CB2EBD730056}.Release|Win32.ActiveCfg = Release|Win32
		{2024B2AF-2BB0-4575-BB83-CB2EBD730056}.Release|Win32.Build.0 = Release|Win32
	EndGlobalSection
	GlobalSection(SolutionProperties) = preSolution
		HideSolutionNode = FALSE
	EndGlobalSection
EndGlobal
